
Microsoft Visual Studio Solution File, Format Version 12.00
# Visual Studio Version 16
VisualStudioVersion = 16.0.31205.134
MinimumVisualStudioVersion = 10.0.40219.1
Project("{FAE04EC0-301F-11D3-BF4B-00C04F79EFBC}") = "studentsapp", "studentsapp\studentsapp.csproj", "{8B513585-4520-4A0E-A13C-24493E65151D}"
EndProject
Global
	GlobalSection(SolutionConfigurationPlatforms) = preSolution
		Debug|Any CPU = Debug|Any CPU
		Release|Any CPU = Release|Any CPU
	EndGlobalSection
	GlobalSection(ProjectConfigurationPlatforms) = postSolution
		{8B513585-4520-4A0E-A13C-24493E65151D}.Debug|Any CPU.ActiveCfg = Debug|Any CPU
		{8B513585-4520-4A0E-A13C-24493E65151D}.Debug|Any CPU.Build.0 = Debug|Any CPU
		{8B513585-4520-4A0E-A13C-24493E65151D}.Release|Any CPU.ActiveCfg = Release|Any CPU
		{8B513585-4520-4A0E-A13C-24493E65151D}.Release|Any CPU.Build.0 = Release|Any CPU
	EndGlobalSection
	GlobalSection(SolutionProperties) = preSolution
		HideSolutionNode = FALSE
	EndGlobalSection
	GlobalSection(ExtensibilityGlobals) = postSolution
		SolutionGuid = {679C4509-D0E4-4807-A669-509BD6FDE098}
	EndGlobalSection
EndGlobal
